{
  "name": "master-community-timesheet",
  "version": "1.0.0",
  "lockfileVersion": 3,
  "requires": true,
  "author": "",
  "description": "Master Community Time Sheet Application Template",
  "keywords": [],
  "license": "ISC",
  "main": "server/server.js",
  "packages": {
    "": {
      "name": "master-community-timesheet",
      "version": "1.0.0",
      "license": "ISC",
      "engines": {
        "node": "18.x"
      }
    }
  },
  "engines": {
    "node": ">=18.x"
  },
  "scripts": {
    "build": "cd client && npm run build",
    "start": "node server/server.js",
    "test": "echo \"Error: no test specified\" && exit 1"
  }
}
